
Microsoft Visual Studio Solution File, Format Version 12.00
# Visual Studio 15
VisualStudioVersion = 15.0.26228.4
MinimumVisualStudioVersion = 10.0.40219.1
Project("{FAE04EC0-301F-11D3-BF4B-00C04F79EFBC}") = "miniLibs", "miniLibs.csproj", "{2E1C88F7-BA3F-4C45-82C3-CF3A6D0341B2}"
EndProject
Project("{FAE04EC0-301F-11D3-BF4B-00C04F79EFBC}") = "pluginForGrasshopper", "..\pluginForGrasshopper\pluginForGrasshopper.csproj", "{3C03BBCC-9B80-4198-B612-99298D263AE9}"
EndProject
Global
	GlobalSection(SolutionConfigurationPlatforms) = preSolution
		Debug|Any CPU = Debug|Any CPU
		Release|Any CPU = Release|Any CPU
	EndGlobalSection
	GlobalSection(ProjectConfigurationPlatforms) = postSolution
		{2E1C88F7-BA3F-4C45-82C3-CF3A6D0341B2}.Debug|Any CPU.ActiveCfg = Debug|Any CPU
		{2E1C88F7-BA3F-4C45-82C3-CF3A6D0341B2}.Debug|Any CPU.Build.0 = Debug|Any CPU
		{2E1C88F7-BA3F-4C45-82C3-CF3A6D0341B2}.Release|Any CPU.ActiveCfg = Release|Any CPU
		{2E1C88F7-BA3F-4C45-82C3-CF3A6D0341B2}.Release|Any CPU.Build.0 = Release|Any CPU
		{3C03BBCC-9B80-4198-B612-99298D263AE9}.Debug|Any CPU.ActiveCfg = Debug|Any CPU
		{3C03BBCC-9B80-4198-B612-99298D263AE9}.Debug|Any CPU.Build.0 = Debug|Any CPU
		{3C03BBCC-9B80-4198-B612-99298D263AE9}.Release|Any CPU.ActiveCfg = Release|Any CPU
		{3C03BBCC-9B80-4198-B612-99298D263AE9}.Release|Any CPU.Build.0 = Release|Any CPU
	EndGlobalSection
	GlobalSection(SolutionProperties) = preSolution
		HideSolutionNode = FALSE
	EndGlobalSection
EndGlobal
